
Microsoft Visual Studio Solution File, Format Version 12.00
# Visual Studio Version 17
VisualStudioVersion = 17.10.35013.160
MinimumVisualStudioVersion = 10.0.40219.1
Project("{FAE04EC0-301F-11D3-BF4B-00C04F79EFBC}") = "PluginContact", "PluginContact.csproj", "{EBF50186-C8F7-416A-9E52-E4024B582102}"
EndProject
Global
	GlobalSection(SolutionConfigurationPlatforms) = preSolution
		Debug|Any CPU = Debug|Any CPU
		Release|Any CPU = Release|Any CPU
	EndGlobalSection
	GlobalSection(ProjectConfigurationPlatforms) = postSolution
		{EBF50186-C8F7-416A-9E52-E4024B582102}.Debug|Any CPU.ActiveCfg = Debug|Any CPU
		{EBF50186-C8F7-416A-9E52-E4024B582102}.Debug|Any CPU.Build.0 = Debug|Any CPU
		{EBF50186-C8F7-416A-9E52-E4024B582102}.Release|Any CPU.ActiveCfg = Release|Any CPU
		{EBF50186-C8F7-416A-9E52-E4024B582102}.Release|Any CPU.Build.0 = Release|Any CPU
	EndGlobalSection
	GlobalSection(SolutionProperties) = preSolution
		HideSolutionNode = FALSE
	EndGlobalSection
	GlobalSection(ExtensibilityGlobals) = postSolution
		SolutionGuid = {35F15482-C748-43A3-A02A-FA0AB8B55CEF}
	EndGlobalSection
EndGlobal
